PODS:
  - kookminLibrary (0.1.2):
    - NMapsMap
  - NMapsGeometry (1.0.1)
  - NMapsMap (3.16.2):
    - NMapsGeometry

DEPENDENCIES:
  - kookminLibrary (from `../`)

SPEC REPOS:
  trunk:
    - NMapsGeometry
    - NMapsMap

EXTERNAL SOURCES:
  kookminLibrary:
    :path: "../"

SPEC CHECKSUMS:
  kookminLibrary: 61180dde455b6981b307d90364eb80b71a682a61
  NMapsGeometry: 53c573ead66466681cf123f99f698dc8071a4b83
  NMapsMap: aaa64717249b06ae82c3a3addb3a01f0e33100ab

PODFILE CHECKSUM: 868ee788a6b14b4d42f6a934dc725de6e8159e6d

COCOAPODS: 1.12.1
